// !$*UTF8*$!
{
	archiveVersion = 1;
	classes = {
	};
	objectVersion = 52;
	objects = {

/* Begin PBXBuildFile section */
		3405EC742565A4BF00B32C96 /* ResearchKit.framework in Frameworks */ = {isa = PBXBuildFile; fileRef = 3405EC6D2565A4B700B32C96 /* ResearchKit.framework */; };
		3405EC752565A4BF00B32C96 /* ResearchKit.framework in Embed Frameworks */ = {isa = PBXBuildFile; fileRef = 3405EC6D2565A4B700B32C96 /* ResearchKit.framework */; settings = {ATTRIBUTES = (CodeSignOnCopy, RemoveHeadersOnCopy, ); }; };
		343185292565BA34003DE656 /* ChartView.swift in Sources */ = {isa = PBXBuildFile; fileRef = 343185282565BA34003DE656 /* ChartView.swift */; };
		343D8A8F25670B410012246F /* Colors.swift in Sources */ = {isa = PBXBuildFile; fileRef = 343D8A8E25670B410012246F /* Colors.swift */; };
		343D8A9725670CA40012246F /* InsightsViewController.swift in Sources */ = {isa = PBXBuildFile; fileRef = 343D8A9625670CA40012246F /* InsightsViewController.swift */; };
		343E8794255621A400208284 /* WalkingSurveyViewController.swift in Sources */ = {isa = PBXBuildFile; fileRef = 343E8793255621A400208284 /* WalkingSurveyViewController.swift */; };
		343E8799255623D800208284 /* WalkingSurveyViewSynchronizer.swift in Sources */ = {isa = PBXBuildFile; fileRef = 343E8798255623D800208284 /* WalkingSurveyViewSynchronizer.swift */; };
		343E879B2556257500208284 /* BreathingSurveyViewController.swift in Sources */ = {isa = PBXBuildFile; fileRef = 343E879A2556257500208284 /* BreathingSurveyViewController.swift */; };
		343E879D2556258400208284 /* BreathingSurveyViewSynchronizer.swift in Sources */ = {isa = PBXBuildFile; fileRef = 343E879C2556258400208284 /* BreathingSurveyViewSynchronizer.swift */; };
		344FB1542568472400CCB310 /* HealthKit.framework in Frameworks */ = {isa = PBXBuildFile; fileRef = 344FB1532568472400CCB310 /* HealthKit.framework */; };
		344FB15C2568496F00CCB310 /* InsightsController.swift in Sources */ = {isa = PBXBuildFile; fileRef = 344FB15B2568496F00CCB310 /* InsightsController.swift */; };
		34D99CCB2555DEE20058D9BB /* CardinalKitApp.swift in Sources */ = {isa = PBXBuildFile; fileRef = 34D99CCA2555DEE20058D9BB /* CardinalKitApp.swift */; };
		34D99CCF2555DEE50058D9BB /* Assets.xcassets in Resources */ = {isa = PBXBuildFile; fileRef = 34D99CCE2555DEE50058D9BB /* Assets.xcassets */; };
		34D99CD22555DEE50058D9BB /* Preview Assets.xcassets in Resources */ = {isa = PBXBuildFile; fileRef = 34D99CD12555DEE50058D9BB /* Preview Assets.xcassets */; };
		34D99CDB2555DF1A0058D9BB /* ActivitiesView.swift in Sources */ = {isa = PBXBuildFile; fileRef = 34D99CDA2555DF1A0058D9BB /* ActivitiesView.swift */; };
		34D99CDE2555DF5A0058D9BB /* CareKitController.swift in Sources */ = {isa = PBXBuildFile; fileRef = 34D99CDD2555DF5A0058D9BB /* CareKitController.swift */; };
		34D99CE32555DFA30058D9BB /* CareKit in Frameworks */ = {isa = PBXBuildFile; productRef = 34D99CE22555DFA30058D9BB /* CareKit */; };
		34D99CF82555E08C0058D9BB /* OCKStore.swift in Sources */ = {isa = PBXBuildFile; fileRef = 34D99CF72555E08C0058D9BB /* OCKStore.swift */; };
		34D99CFA2555E0BA0058D9BB /* CareStoreReferenceManager.swift in Sources */ = {isa = PBXBuildFile; fileRef = 34D99CF92555E0BA0058D9BB /* CareStoreReferenceManager.swift */; };
		34D99CFC2555E0F80058D9BB /* ActivityTaskViewController.swift in Sources */ = {isa = PBXBuildFile; fileRef = 34D99CFB2555E0F80058D9BB /* ActivityTaskViewController.swift */; };
		34D99D052555E1CE0058D9BB /* StudiesUI.swift in Sources */ = {isa = PBXBuildFile; fileRef = 34D99D042555E1CE0058D9BB /* StudiesUI.swift */; };
		34D99D0A2555E4280058D9BB /* CKConfiguration.plist in Resources */ = {isa = PBXBuildFile; fileRef = 34D99D092555E4280058D9BB /* CKConfiguration.plist */; };
		34D99D0C2555E9010058D9BB /* CKPropertyReader.swift in Sources */ = {isa = PBXBuildFile; fileRef = 34D99D0B2555E9010058D9BB /* CKPropertyReader.swift */; };
		34D99D0F2555E9570058D9BB /* Constants.swift in Sources */ = {isa = PBXBuildFile; fileRef = 34D99D0E2555E9570058D9BB /* Constants.swift */; };
		34D99D1A2555EC390058D9BB /* InsightsView.swift in Sources */ = {isa = PBXBuildFile; fileRef = 34D99D192555EC390058D9BB /* InsightsView.swift */; };
		34D99D1C2555EC770058D9BB /* LearnView.swift in Sources */ = {isa = PBXBuildFile; fileRef = 34D99D1B2555EC770058D9BB /* LearnView.swift */; };
		34D99D1E2555EC8D0058D9BB /* ProfileView.swift in Sources */ = {isa = PBXBuildFile; fileRef = 34D99D1D2555EC8D0058D9BB /* ProfileView.swift */; };
		34D99D232555EEC40058D9BB /* PainSurveyViewController.swift in Sources */ = {isa = PBXBuildFile; fileRef = 34D99D222555EEC40058D9BB /* PainSurveyViewController.swift */; };
		34D99D252555EF0C0058D9BB /* PainSurveyViewSynchronizer.swift in Sources */ = {isa = PBXBuildFile; fileRef = 34D99D242555EF0C0058D9BB /* PainSurveyViewSynchronizer.swift */; };
/* End PBXBuildFile section */

/* Begin PBXContainerItemProxy section */
		3405EC6C2565A4B700B32C96 /* PBXContainerItemProxy */ = {
			isa = PBXContainerItemProxy;
			containerPortal = 3405EC662565A4B700B32C96 /* ResearchKit.xcodeproj */;
			proxyType = 2;
			remoteGlobalIDString = B183A5951A8535D100C76870;
			remoteInfo = ResearchKit;
		};
		3405EC6E2565A4B700B32C96 /* PBXContainerItemProxy */ = {
			isa = PBXContainerItemProxy;
			containerPortal = 3405EC662565A4B700B32C96 /* ResearchKit.xcodeproj */;
			proxyType = 2;
			remoteGlobalIDString = 86CC8E9A1AC09332001CCD89;
			remoteInfo = ResearchKitTests;
		};
/* End PBXContainerItemProxy section */

/* Begin PBXCopyFilesBuildPhase section */
		3405EC762565A4BF00B32C96 /* Embed Frameworks */ = {
			isa = PBXCopyFilesBuildPhase;
			buildActionMask = 2147483647;
			dstPath = "";
			dstSubfolderSpec = 10;
			files = (
				3405EC752565A4BF00B32C96 /* ResearchKit.framework in Embed Frameworks */,
			);
			name = "Embed Frameworks";
			runOnlyForDeploymentPostprocessing = 0;
		};
/* End PBXCopyFilesBuildPhase section */

/* Begin PBXFileReference section */
		3405EC662565A4B700B32C96 /* ResearchKit.xcodeproj */ = {isa = PBXFileReference; lastKnownFileType = "wrapper.pb-project"; name = ResearchKit.xcodeproj; path = ../ResearchKit/ResearchKit.xcodeproj; sourceTree = "<group>"; };
		343185282565BA34003DE656 /* ChartView.swift */ = {isa = PBXFileReference; lastKnownFileType = sourcecode.swift; path = ChartView.swift; sourceTree = "<group>"; };
		343D8A8E25670B410012246F /* Colors.swift */ = {isa = PBXFileReference; lastKnownFileType = sourcecode.swift; path = Colors.swift; sourceTree = "<group>"; };
		343D8A9625670CA40012246F /* InsightsViewController.swift */ = {isa = PBXFileReference; lastKnownFileType = sourcecode.swift; path = InsightsViewController.swift; sourceTree = "<group>"; };
		343E8793255621A400208284 /* WalkingSurveyViewController.swift */ = {isa = PBXFileReference; lastKnownFileType = sourcecode.swift; path = WalkingSurveyViewController.swift; sourceTree = "<group>"; };
		343E8798255623D800208284 /* WalkingSurveyViewSynchronizer.swift */ = {isa = PBXFileReference; lastKnownFileType = sourcecode.swift; path = WalkingSurveyViewSynchronizer.swift; sourceTree = "<group>"; };
		343E879A2556257500208284 /* BreathingSurveyViewController.swift */ = {isa = PBXFileReference; lastKnownFileType = sourcecode.swift; path = BreathingSurveyViewController.swift; sourceTree = "<group>"; };
		343E879C2556258400208284 /* BreathingSurveyViewSynchronizer.swift */ = {isa = PBXFileReference; lastKnownFileType = sourcecode.swift; path = BreathingSurveyViewSynchronizer.swift; sourceTree = "<group>"; };
		344FB1522568472400CCB310 /* CardinalKit.entitlements */ = {isa = PBXFileReference; lastKnownFileType = text.plist.entitlements; path = CardinalKit.entitlements; sourceTree = "<group>"; };
		344FB1532568472400CCB310 /* HealthKit.framework */ = {isa = PBXFileReference; lastKnownFileType = wrapper.framework; name = HealthKit.framework; path = System/Library/Frameworks/HealthKit.framework; sourceTree = SDKROOT; };
		344FB15B2568496F00CCB310 /* InsightsController.swift */ = {isa = PBXFileReference; lastKnownFileType = sourcecode.swift; path = InsightsController.swift; sourceTree = "<group>"; };
		34D99CC72555DEE20058D9BB /* CardinalKit.app */ = {isa = PBXFileReference; explicitFileType = wrapper.application; includeInIndex = 0; path = CardinalKit.app; sourceTree = BUILT_PRODUCTS_DIR; };
		34D99CCA2555DEE20058D9BB /* CardinalKitApp.swift */ = {isa = PBXFileReference; lastKnownFileType = sourcecode.swift; path = CardinalKitApp.swift; sourceTree = "<group>"; };
		34D99CCE2555DEE50058D9BB /* Assets.xcassets */ = {isa = PBXFileReference; lastKnownFileType = folder.assetcatalog; path = Assets.xcassets; sourceTree = "<group>"; };
		34D99CD12555DEE50058D9BB /* Preview Assets.xcassets */ = {isa = PBXFileReference; lastKnownFileType = folder.assetcatalog; path = "Preview Assets.xcassets"; sourceTree = "<group>"; };
		34D99CD32555DEE50058D9BB /* Info.plist */ = {isa = PBXFileReference; lastKnownFileType = text.plist.xml; path = Info.plist; sourceTree = "<group>"; };
		34D99CDA2555DF1A0058D9BB /* ActivitiesView.swift */ = {isa = PBXFileReference; lastKnownFileType = sourcecode.swift; path = ActivitiesView.swift; sourceTree = "<group>"; };
		34D99CDD2555DF5A0058D9BB /* CareKitController.swift */ = {isa = PBXFileReference; lastKnownFileType = sourcecode.swift; path = CareKitController.swift; sourceTree = "<group>"; };
		34D99CF72555E08C0058D9BB /* OCKStore.swift */ = {isa = PBXFileReference; lastKnownFileType = sourcecode.swift; path = OCKStore.swift; sourceTree = "<group>"; };
		34D99CF92555E0BA0058D9BB /* CareStoreReferenceManager.swift */ = {isa = PBXFileReference; lastKnownFileType = sourcecode.swift; path = CareStoreReferenceManager.swift; sourceTree = "<group>"; };
		34D99CFB2555E0F80058D9BB /* ActivityTaskViewController.swift */ = {isa = PBXFileReference; lastKnownFileType = sourcecode.swift; path = ActivityTaskViewController.swift; sourceTree = "<group>"; };
		34D99D042555E1CE0058D9BB /* StudiesUI.swift */ = {isa = PBXFileReference; lastKnownFileType = sourcecode.swift; path = StudiesUI.swift; sourceTree = "<group>"; };
		34D99D092555E4280058D9BB /* CKConfiguration.plist */ = {isa = PBXFileReference; lastKnownFileType = text.plist.xml; path = CKConfiguration.plist; sourceTree = "<group>"; };
		34D99D0B2555E9010058D9BB /* CKPropertyReader.swift */ = {isa = PBXFileReference; lastKnownFileType = sourcecode.swift; path = CKPropertyReader.swift; sourceTree = "<group>"; };
		34D99D0E2555E9570058D9BB /* Constants.swift */ = {isa = PBXFileReference; lastKnownFileType = sourcecode.swift; path = Constants.swift; sourceTree = "<group>"; };
		34D99D192555EC390058D9BB /* InsightsView.swift */ = {isa = PBXFileReference; lastKnownFileType = sourcecode.swift; path = InsightsView.swift; sourceTree = "<group>"; };
		34D99D1B2555EC770058D9BB /* LearnView.swift */ = {isa = PBXFileReference; lastKnownFileType = sourcecode.swift; path = LearnView.swift; sourceTree = "<group>"; };
		34D99D1D2555EC8D0058D9BB /* ProfileView.swift */ = {isa = PBXFileReference; lastKnownFileType = sourcecode.swift; path = ProfileView.swift; sourceTree = "<group>"; };
		34D99D222555EEC40058D9BB /* PainSurveyViewController.swift */ = {isa = PBXFileReference; lastKnownFileType = sourcecode.swift; path = PainSurveyViewController.swift; sourceTree = "<group>"; };
		34D99D242555EF0C0058D9BB /* PainSurveyViewSynchronizer.swift */ = {isa = PBXFileReference; lastKnownFileType = sourcecode.swift; path = PainSurveyViewSynchronizer.swift; sourceTree = "<group>"; };
/* End PBXFileReference section */

/* Begin PBXFrameworksBuildPhase section */
		34D99CC42555DEE20058D9BB /* Frameworks */ = {
			isa = PBXFrameworksBuildPhase;
			buildActionMask = 2147483647;
			files = (
				344FB1542568472400CCB310 /* HealthKit.framework in Frameworks */,
				3405EC742565A4BF00B32C96 /* ResearchKit.framework in Frameworks */,
				34D99CE32555DFA30058D9BB /* CareKit in Frameworks */,
			);
			runOnlyForDeploymentPostprocessing = 0;
		};
/* End PBXFrameworksBuildPhase section */

/* Begin PBXGroup section */
		3405EC672565A4B700B32C96 /* Products */ = {
			isa = PBXGroup;
			children = (
				3405EC6D2565A4B700B32C96 /* ResearchKit.framework */,
				3405EC6F2565A4B700B32C96 /* ResearchKitTests.xctest */,
			);
			name = Products;
			sourceTree = "<group>";
		};
		340E0EB8257997BF0066506B /* Local Database */ = {
			isa = PBXGroup;
			children = (
			);
			path = "Local Database";
			sourceTree = "<group>";
		};
		343185242565BA1F003DE656 /* Views */ = {
			isa = PBXGroup;
			children = (
				343185282565BA34003DE656 /* ChartView.swift */,
			);
			path = Views;
			sourceTree = "<group>";
		};
		343E879E2556295600208284 /* User Interface */ = {
			isa = PBXGroup;
			children = (
				34D99CCA2555DEE20058D9BB /* CardinalKitApp.swift */,
				34D99D042555E1CE0058D9BB /* StudiesUI.swift */,
			);
			path = "User Interface";
			sourceTree = "<group>";
		};
		34D99CBE2555DEE20058D9BB = {
			isa = PBXGroup;
			children = (
				3405EC662565A4B700B32C96 /* ResearchKit.xcodeproj */,
				34D99CC92555DEE20058D9BB /* CardinalKit */,
				34D99CC82555DEE20058D9BB /* Products */,
				34D99CF32555E0070058D9BB /* Frameworks */,
			);
			sourceTree = "<group>";
		};
		34D99CC82555DEE20058D9BB /* Products */ = {
			isa = PBXGroup;
			children = (
				34D99CC72555DEE20058D9BB /* CardinalKit.app */,
			);
			name = Products;
			sourceTree = "<group>";
		};
		34D99CC92555DEE20058D9BB /* CardinalKit */ = {
			isa = PBXGroup;
			children = (
				344FB1522568472400CCB310 /* CardinalKit.entitlements */,
				34D99D0D2555E9260058D9BB /* Supporting Files */,
				343E879E2556295600208284 /* User Interface */,
				340E0EB8257997BF0066506B /* Local Database */,
				34D99CFD2555E13C0058D9BB /* Activities */,
				34D99D162555EBFF0058D9BB /* Insights */,
				34D99D172555EC070058D9BB /* Learn */,
				34D99D182555EC0C0058D9BB /* Profile */,
				34D99CD02555DEE50058D9BB /* Preview Content */,
			);
			path = CardinalKit;
			sourceTree = "<group>";
		};
		34D99CD02555DEE50058D9BB /* Preview Content */ = {
			isa = PBXGroup;
			children = (
				34D99CD12555DEE50058D9BB /* Preview Assets.xcassets */,
			);
			path = "Preview Content";
			sourceTree = "<group>";
		};
		34D99CF32555E0070058D9BB /* Frameworks */ = {
			isa = PBXGroup;
			children = (
				344FB1532568472400CCB310 /* HealthKit.framework */,
			);
			name = Frameworks;
			sourceTree = "<group>";
		};
		34D99CFD2555E13C0058D9BB /* Activities */ = {
			isa = PBXGroup;
			children = (
				34D99CFE2555E1640058D9BB /* View Controllers */,
				34D99D012555E18E0058D9BB /* View Synchronizers */,
				34D99CDA2555DF1A0058D9BB /* ActivitiesView.swift */,
				34D99CFB2555E0F80058D9BB /* ActivityTaskViewController.swift */,
				34D99CDD2555DF5A0058D9BB /* CareKitController.swift */,
				34D99CF92555E0BA0058D9BB /* CareStoreReferenceManager.swift */,
				34D99CF72555E08C0058D9BB /* OCKStore.swift */,
			);
			path = Activities;
			sourceTree = "<group>";
		};
		34D99CFE2555E1640058D9BB /* View Controllers */ = {
			isa = PBXGroup;
			children = (
				34D99D222555EEC40058D9BB /* PainSurveyViewController.swift */,
				343E8793255621A400208284 /* WalkingSurveyViewController.swift */,
				343E879A2556257500208284 /* BreathingSurveyViewController.swift */,
			);
			path = "View Controllers";
			sourceTree = "<group>";
		};
		34D99D012555E18E0058D9BB /* View Synchronizers */ = {
			isa = PBXGroup;
			children = (
				34D99D242555EF0C0058D9BB /* PainSurveyViewSynchronizer.swift */,
				343E8798255623D800208284 /* WalkingSurveyViewSynchronizer.swift */,
				343E879C2556258400208284 /* BreathingSurveyViewSynchronizer.swift */,
			);
			path = "View Synchronizers";
			sourceTree = "<group>";
		};
		34D99D0D2555E9260058D9BB /* Supporting Files */ = {
			isa = PBXGroup;
			children = (
				34D99CCE2555DEE50058D9BB /* Assets.xcassets */,
				34D99CD32555DEE50058D9BB /* Info.plist */,
				34D99D092555E4280058D9BB /* CKConfiguration.plist */,
				34D99D0B2555E9010058D9BB /* CKPropertyReader.swift */,
				34D99D0E2555E9570058D9BB /* Constants.swift */,
				343D8A8E25670B410012246F /* Colors.swift */,
			);
			path = "Supporting Files";
			sourceTree = "<group>";
		};
		34D99D162555EBFF0058D9BB /* Insights */ = {
			isa = PBXGroup;
			children = (
				343185242565BA1F003DE656 /* Views */,
				344FB15B2568496F00CCB310 /* InsightsController.swift */,
				34D99D192555EC390058D9BB /* InsightsView.swift */,
				343D8A9625670CA40012246F /* InsightsViewController.swift */,
			);
			path = Insights;
			sourceTree = "<group>";
		};
		34D99D172555EC070058D9BB /* Learn */ = {
			isa = PBXGroup;
			children = (
				34D99D1B2555EC770058D9BB /* LearnView.swift */,
			);
			path = Learn;
			sourceTree = "<group>";
		};
		34D99D182555EC0C0058D9BB /* Profile */ = {
			isa = PBXGroup;
			children = (
				34D99D1D2555EC8D0058D9BB /* ProfileView.swift */,
			);
			path = Profile;
			sourceTree = "<group>";
		};
/* End PBXGroup section */

/* Begin PBXNativeTarget section */
		34D99CC62555DEE20058D9BB /* CardinalKit */ = {
			isa = PBXNativeTarget;
			buildConfigurationList = 34D99CD62555DEE50058D9BB /* Build configuration list for PBXNativeTarget "CardinalKit" */;
			buildPhases = (
				34D99CC32555DEE20058D9BB /* Sources */,
				34D99CC42555DEE20058D9BB /* Frameworks */,
				34D99CC52555DEE20058D9BB /* Resources */,
				3405EC762565A4BF00B32C96 /* Embed Frameworks */,
			);
			buildRules = (
			);
			dependencies = (
			);
			name = CardinalKit;
			packageProductDependencies = (
				34D99CE22555DFA30058D9BB /* CareKit */,
			);
			productName = CardinalKit;
			productReference = 34D99CC72555DEE20058D9BB /* CardinalKit.app */;
			productType = "com.apple.product-type.application";
		};
/* End PBXNativeTarget section */

/* Begin PBXProject section */
		34D99CBF2555DEE20058D9BB /* Project object */ = {
			isa = PBXProject;
			attributes = {
				LastSwiftUpdateCheck = 1210;
				LastUpgradeCheck = 1210;
				TargetAttributes = {
					34D99CC62555DEE20058D9BB = {
						CreatedOnToolsVersion = 12.1;
					};
				};
			};
			buildConfigurationList = 34D99CC22555DEE20058D9BB /* Build configuration list for PBXProject "CardinalKit" */;
			compatibilityVersion = "Xcode 9.3";
			developmentRegion = en;
			hasScannedForEncodings = 0;
			knownRegions = (
				en,
				Base,
			);
			mainGroup = 34D99CBE2555DEE20058D9BB;
			packageReferences = (
				34D99CE12555DFA30058D9BB /* XCRemoteSwiftPackageReference "CareKit" */,
			);
			productRefGroup = 34D99CC82555DEE20058D9BB /* Products */;
			projectDirPath = "";
			projectReferences = (
				{
					ProductGroup = 3405EC672565A4B700B32C96 /* Products */;
					ProjectRef = 3405EC662565A4B700B32C96 /* ResearchKit.xcodeproj */;
				},
			);
			projectRoot = "";
			targets = (
				34D99CC62555DEE20058D9BB /* CardinalKit */,
			);
		};
/* End PBXProject section */

/* Begin PBXReferenceProxy section */
		3405EC6D2565A4B700B32C96 /* ResearchKit.framework */ = {
			isa = PBXReferenceProxy;
			fileType = wrapper.framework;
			path = ResearchKit.framework;
			remoteRef = 3405EC6C2565A4B700B32C96 /* PBXContainerItemProxy */;
			sourceTree = BUILT_PRODUCTS_DIR;
		};
		3405EC6F2565A4B700B32C96 /* ResearchKitTests.xctest */ = {
			isa = PBXReferenceProxy;
			fileType = wrapper.cfbundle;
			path = ResearchKitTests.xctest;
			remoteRef = 3405EC6E2565A4B700B32C96 /* PBXContainerItemProxy */;
			sourceTree = BUILT_PRODUCTS_DIR;
		};
/* End PBXReferenceProxy section */

/* Begin PBXResourcesBuildPhase section */
		34D99CC52555DEE20058D9BB /* Resources */ = {
			isa = PBXResourcesBuildPhase;
			buildActionMask = 2147483647;
			files = (
				34D99D0A2555E4280058D9BB /* CKConfiguration.plist in Resources */,
				34D99CD22555DEE50058D9BB /* Preview Assets.xcassets in Resources */,
				34D99CCF2555DEE50058D9BB /* Assets.xcassets in Resources */,
			);
			runOnlyForDeploymentPostprocessing = 0;
		};
/* End PBXResourcesBuildPhase section */

/* Begin PBXSourcesBuildPhase section */
		34D99CC32555DEE20058D9BB /* Sources */ = {
			isa = PBXSourcesBuildPhase;
			buildActionMask = 2147483647;
			files = (
				344FB15C2568496F00CCB310 /* InsightsController.swift in Sources */,
				34D99D232555EEC40058D9BB /* PainSurveyViewController.swift in Sources */,
				343D8A8F25670B410012246F /* Colors.swift in Sources */,
				34D99CF82555E08C0058D9BB /* OCKStore.swift in Sources */,
				343E8799255623D800208284 /* WalkingSurveyViewSynchronizer.swift in Sources */,
				34D99D0F2555E9570058D9BB /* Constants.swift in Sources */,
				34D99CDB2555DF1A0058D9BB /* ActivitiesView.swift in Sources */,
				34D99D052555E1CE0058D9BB /* StudiesUI.swift in Sources */,
				34D99CFA2555E0BA0058D9BB /* CareStoreReferenceManager.swift in Sources */,
				343D8A9725670CA40012246F /* InsightsViewController.swift in Sources */,
				34D99CDE2555DF5A0058D9BB /* CareKitController.swift in Sources */,
				34D99CFC2555E0F80058D9BB /* ActivityTaskViewController.swift in Sources */,
				343E879B2556257500208284 /* BreathingSurveyViewController.swift in Sources */,
				343185292565BA34003DE656 /* ChartView.swift in Sources */,
				34D99CCB2555DEE20058D9BB /* CardinalKitApp.swift in Sources */,
				343E879D2556258400208284 /* BreathingSurveyViewSynchronizer.swift in Sources */,
				34D99D1A2555EC390058D9BB /* InsightsView.swift in Sources */,
				34D99D1C2555EC770058D9BB /* LearnView.swift in Sources */,
				343E8794255621A400208284 /* WalkingSurveyViewController.swift in Sources */,
				34D99D1E2555EC8D0058D9BB /* ProfileView.swift in Sources */,
				34D99D252555EF0C0058D9BB /* PainSurveyViewSynchronizer.swift in Sources */,
				34D99D0C2555E9010058D9BB /* CKPropertyReader.swift in Sources */,
			);
			runOnlyForDeploymentPostprocessing = 0;
		};
/* End PBXSourcesBuildPhase section */

/* Begin XCBuildConfiguration section */
		34D99CD42555DEE50058D9BB /* Debug */ = {
			isa = XCBuildConfiguration;
			buildSettings = {
				ALWAYS_SEARCH_USER_PATHS = NO;
				CLANG_ANALYZER_NONNULL = YES;
				CLANG_ANALYZER_NUMBER_OBJECT_CONVERSION = YES_AGGRESSIVE;
				CLANG_CXX_LANGUAGE_STANDARD = "gnu++14";
				CLANG_CXX_LIBRARY = "libc++";
				CLANG_ENABLE_MODULES = YES;
				CLANG_ENABLE_OBJC_ARC = YES;
				CLANG_ENABLE_OBJC_WEAK = YES;
				CLANG_WARN_BLOCK_CAPTURE_AUTORELEASING = YES;
				CLANG_WARN_BOOL_CONVERSION = YES;
				CLANG_WARN_COMMA = YES;
				CLANG_WARN_CONSTANT_CONVERSION = YES;
				CLANG_WARN_DEPRECATED_OBJC_IMPLEMENTATIONS = YES;
				CLANG_WARN_DIRECT_OBJC_ISA_USAGE = YES_ERROR;
				CLANG_WARN_DOCUMENTATION_COMMENTS = YES;
				CLANG_WARN_EMPTY_BODY = YES;
				CLANG_WARN_ENUM_CONVERSION = YES;
				CLANG_WARN_INFINITE_RECURSION = YES;
				CLANG_WARN_INT_CONVERSION = YES;
				CLANG_WARN_NON_LITERAL_NULL_CONVERSION = YES;
				CLANG_WARN_OBJC_IMPLICIT_RETAIN_SELF = YES;
				CLANG_WARN_OBJC_LITERAL_CONVERSION = YES;
				CLANG_WARN_OBJC_ROOT_CLASS = YES_ERROR;
				CLANG_WARN_QUOTED_INCLUDE_IN_FRAMEWORK_HEADER = YES;
				CLANG_WARN_RANGE_LOOP_ANALYSIS = YES;
				CLANG_WARN_STRICT_PROTOTYPES = YES;
				CLANG_WARN_SUSPICIOUS_MOVE = YES;
				CLANG_WARN_UNGUARDED_AVAILABILITY = YES_AGGRESSIVE;
				CLANG_WARN_UNREACHABLE_CODE = YES;
				CLANG_WARN__DUPLICATE_METHOD_MATCH = YES;
				COPY_PHASE_STRIP = NO;
				DEBUG_INFORMATION_FORMAT = dwarf;
				ENABLE_STRICT_OBJC_MSGSEND = YES;
				ENABLE_TESTABILITY = YES;
				GCC_C_LANGUAGE_STANDARD = gnu11;
				GCC_DYNAMIC_NO_PIC = NO;
				GCC_NO_COMMON_BLOCKS = YES;
				GCC_OPTIMIZATION_LEVEL = 0;
				GCC_PREPROCESSOR_DEFINITIONS = (
					"DEBUG=1",
					"$(inherited)",
				);
				GCC_WARN_64_TO_32_BIT_CONVERSION = YES;
				GCC_WARN_ABOUT_RETURN_TYPE = YES_ERROR;
				GCC_WARN_UNDECLARED_SELECTOR = YES;
				GCC_WARN_UNINITIALIZED_AUTOS = YES_AGGRESSIVE;
				GCC_WARN_UNUSED_FUNCTION = YES;
				GCC_WARN_UNUSED_VARIABLE = YES;
				IPHONEOS_DEPLOYMENT_TARGET = 14.1;
				MTL_ENABLE_DEBUG_INFO = INCLUDE_SOURCE;
				MTL_FAST_MATH = YES;
				ONLY_ACTIVE_ARCH = YES;
				SDKROOT = iphoneos;
				SWIFT_ACTIVE_COMPILATION_CONDITIONS = DEBUG;
				SWIFT_OPTIMIZATION_LEVEL = "-Onone";
			};
			name = Debug;
		};
		34D99CD52555DEE50058D9BB /* Release */ = {
			isa = XCBuildConfiguration;
			buildSettings = {
				ALWAYS_SEARCH_USER_PATHS = NO;
				CLANG_ANALYZER_NONNULL = YES;
				CLANG_ANALYZER_NUMBER_OBJECT_CONVERSION = YES_AGGRESSIVE;
				CLANG_CXX_LANGUAGE_STANDARD = "gnu++14";
				CLANG_CXX_LIBRARY = "libc++";
				CLANG_ENABLE_MODULES = YES;
				CLANG_ENABLE_OBJC_ARC = YES;
				CLANG_ENABLE_OBJC_WEAK = YES;
				CLANG_WARN_BLOCK_CAPTURE_AUTORELEASING = YES;
				CLANG_WARN_BOOL_CONVERSION = YES;
				CLANG_WARN_COMMA = YES;
				CLANG_WARN_CONSTANT_CONVERSION = YES;
				CLANG_WARN_DEPRECATED_OBJC_IMPLEMENTATIONS = YES;
				CLANG_WARN_DIRECT_OBJC_ISA_USAGE = YES_ERROR;
				CLANG_WARN_DOCUMENTATION_COMMENTS = YES;
				CLANG_WARN_EMPTY_BODY = YES;
				CLANG_WARN_ENUM_CONVERSION = YES;
				CLANG_WARN_INFINITE_RECURSION = YES;
				CLANG_WARN_INT_CONVERSION = YES;
				CLANG_WARN_NON_LITERAL_NULL_CONVERSION = YES;
				CLANG_WARN_OBJC_IMPLICIT_RETAIN_SELF = YES;
				CLANG_WARN_OBJC_LITERAL_CONVERSION = YES;
				CLANG_WARN_OBJC_ROOT_CLASS = YES_ERROR;
				CLANG_WARN_QUOTED_INCLUDE_IN_FRAMEWORK_HEADER = YES;
				CLANG_WARN_RANGE_LOOP_ANALYSIS = YES;
				CLANG_WARN_STRICT_PROTOTYPES = YES;
				CLANG_WARN_SUSPICIOUS_MOVE = YES;
				CLANG_WARN_UNGUARDED_AVAILABILITY = YES_AGGRESSIVE;
				CLANG_WARN_UNREACHABLE_CODE = YES;
				CLANG_WARN__DUPLICATE_METHOD_MATCH = YES;
				COPY_PHASE_STRIP = NO;
				DEBUG_INFORMATION_FORMAT = "dwarf-with-dsym";
				ENABLE_NS_ASSERTIONS = NO;
				ENABLE_STRICT_OBJC_MSGSEND = YES;
				GCC_C_LANGUAGE_STANDARD = gnu11;
				GCC_NO_COMMON_BLOCKS = YES;
				GCC_WARN_64_TO_32_BIT_CONVERSION = YES;
				GCC_WARN_ABOUT_RETURN_TYPE = YES_ERROR;
				GCC_WARN_UNDECLARED_SELECTOR = YES;
				GCC_WARN_UNINITIALIZED_AUTOS = YES_AGGRESSIVE;
				GCC_WARN_UNUSED_FUNCTION = YES;
				GCC_WARN_UNUSED_VARIABLE = YES;
				IPHONEOS_DEPLOYMENT_TARGET = 14.1;
				MTL_ENABLE_DEBUG_INFO = NO;
				MTL_FAST_MATH = YES;
				SDKROOT = iphoneos;
				SWIFT_COMPILATION_MODE = wholemodule;
				SWIFT_OPTIMIZATION_LEVEL = "-O";
				VALIDATE_PRODUCT = YES;
			};
			name = Release;
		};
		34D99CD72555DEE50058D9BB /* Debug */ = {
			isa = XCBuildConfiguration;
			buildSettings = {
				ASSETCATALOG_COMPILER_APPICON_NAME = AppIcon;
				ASSETCATALOG_COMPILER_GLOBAL_ACCENT_COLOR_NAME = AccentColor;
				CODE_SIGN_ENTITLEMENTS = CardinalKit/CardinalKit.entitlements;
				CODE_SIGN_STYLE = Automatic;
				DEVELOPMENT_ASSET_PATHS = "\"CardinalKit/Preview Content\"";
				DEVELOPMENT_TEAM = F75X5R3D9A;
				ENABLE_PREVIEWS = YES;
				INFOPLIST_FILE = "CardinalKit/Supporting Files/Info.plist";
				IPHONEOS_DEPLOYMENT_TARGET = 14.1;
				LD_RUNPATH_SEARCH_PATHS = (
					"$(inherited)",
					"@executable_path/Frameworks",
				);
				PRODUCT_BUNDLE_IDENTIFIER = com.TheJohnLe.CardinalKit;
				PRODUCT_NAME = "$(TARGET_NAME)";
				SWIFT_VERSION = 5.0;
				TARGETED_DEVICE_FAMILY = "1,2";
			};
			name = Debug;
		};
		34D99CD82555DEE50058D9BB /* Release */ = {
			isa = XCBuildConfiguration;
			buildSettings = {
				ASSETCATALOG_COMPILER_APPICON_NAME = AppIcon;
				ASSETCATALOG_COMPILER_GLOBAL_ACCENT_COLOR_NAME = AccentColor;
				CODE_SIGN_ENTITLEMENTS = CardinalKit/CardinalKit.entitlements;
				CODE_SIGN_STYLE = Automatic;
				DEVELOPMENT_ASSET_PATHS = "\"CardinalKit/Preview Content\"";
				DEVELOPMENT_TEAM = F75X5R3D9A;
				ENABLE_PREVIEWS = YES;
				INFOPLIST_FILE = "CardinalKit/Supporting Files/Info.plist";
				IPHONEOS_DEPLOYMENT_TARGET = 14.1;
				LD_RUNPATH_SEARCH_PATHS = (
					"$(inherited)",
					"@executable_path/Frameworks",
				);
				PRODUCT_BUNDLE_IDENTIFIER = com.TheJohnLe.CardinalKit;
				PRODUCT_NAME = "$(TARGET_NAME)";
				SWIFT_VERSION = 5.0;
				TARGETED_DEVICE_FAMILY = "1,2";
			};
			name = Release;
		};
/* End XCBuildConfiguration section */

/* Begin XCConfigurationList section */
		34D99CC22555DEE20058D9BB /* Build configuration list for PBXProject "CardinalKit" */ = {
			isa = XCConfigurationList;
			buildConfigurations = (
				34D99CD42555DEE50058D9BB /* Debug */,
				34D99CD52555DEE50058D9BB /* Release */,
			);
			defaultConfigurationIsVisible = 0;
			defaultConfigurationName = Release;
		};
		34D99CD62555DEE50058D9BB /* Build configuration list for PBXNativeTarget "CardinalKit" */ = {
			isa = XCConfigurationList;
			buildConfigurations = (
				34D99CD72555DEE50058D9BB /* Debug */,
				34D99CD82555DEE50058D9BB /* Release */,
			);
			defaultConfigurationIsVisible = 0;
			defaultConfigurationName = Release;
		};
/* End XCConfigurationList section */

/* Begin XCRemoteSwiftPackageReference section */
		34D99CE12555DFA30058D9BB /* XCRemoteSwiftPackageReference "CareKit" */ = {
			isa = XCRemoteSwiftPackageReference;
			repositoryURL = "https://github.com/carekit-apple/CareKit";
			requirement = {
				branch = master;
				kind = branch;
			};
		};
/* End XCRemoteSwiftPackageReference section */

/* Begin XCSwiftPackageProductDependency section */
		34D99CE22555DFA30058D9BB /* CareKit */ = {
			isa = XCSwiftPackageProductDependency;
			package = 34D99CE12555DFA30058D9BB /* XCRemoteSwiftPackageReference "CareKit" */;
			productName = CareKit;
		};
/* End XCSwiftPackageProductDependency section */
	};
	rootObject = 34D99CBF2555DEE20058D9BB /* Project object */;
}
